// !$*UTF8*$!
{
	archiveVersion = 1;
	classes = {
	};
	objectVersion = 56;
	objects = {

/* Begin PBXBuildFile section */
		6DD1A9512BFC06EE00F541A6 /* AppDelegate.swift in Sources */ = {isa = PBXBuildFile; fileRef = 6DD1A9502BFC06EE00F541A6 /* AppDelegate.swift */; };
		6DD1A9532BFC06EE00F541A6 /* SceneDelegate.swift in Sources */ = {isa = PBXBuildFile; fileRef = 6DD1A9522BFC06EE00F541A6 /* SceneDelegate.swift */; };
		6DD1A9552BFC06EE00F541A6 /* ConcentrationViewController.swift in Sources */ = {isa = PBXBuildFile; fileRef = 6DD1A9542BFC06EE00F541A6 /* ConcentrationViewController.swift */; };
		6DD1A9582BFC06EE00F541A6 /* Main.storyboard in Resources */ = {isa = PBXBuildFile; fileRef = 6DD1A9562BFC06EE00F541A6 /* Main.storyboard */; };
		6DD1A95A2BFC06F000F541A6 /* Assets.xcassets in Resources */ = {isa = PBXBuildFile; fileRef = 6DD1A9592BFC06F000F541A6 /* Assets.xcassets */; };
		6DD1A95D2BFC06F000F541A6 /* LaunchScreen.storyboard in Resources */ = {isa = PBXBuildFile; fileRef = 6DD1A95B2BFC06F000F541A6 /* LaunchScreen.storyboard */; };
		6DD1A9692BFD50E600F541A6 /* CardModel.swift in Sources */ = {isa = PBXBuildFile; fileRef = 6DD1A9682BFD50E600F541A6 /* CardModel.swift */; };
		6DD1A96B2BFD50F300F541A6 /* ConcentrationGame.swift in Sources */ = {isa = PBXBuildFile; fileRef = 6DD1A96A2BFD50F300F541A6 /* ConcentrationGame.swift */; };
/* End PBXBuildFile section */

/* Begin PBXFileReference section */
		6DD1A94D2BFC06EE00F541A6 /* Stanford - Developing iOS.app */ = {isa = PBXFileReference; explicitFileType = wrapper.application; includeInIndex = 0; path = "Stanford - Developing iOS.app"; sourceTree = BUILT_PRODUCTS_DIR; };
		6DD1A9502BFC06EE00F541A6 /* AppDelegate.swift */ = {isa = PBXFileReference; lastKnownFileType = sourcecode.swift; path = AppDelegate.swift; sourceTree = "<group>"; };
		6DD1A9522BFC06EE00F541A6 /* SceneDelegate.swift */ = {isa = PBXFileReference; lastKnownFileType = sourcecode.swift; path = SceneDelegate.swift; sourceTree = "<group>"; };
		6DD1A9542BFC06EE00F541A6 /* ConcentrationViewController.swift */ = {isa = PBXFileReference; lastKnownFileType = sourcecode.swift; path = ConcentrationViewController.swift; sourceTree = "<group>"; };
		6DD1A9572BFC06EE00F541A6 /* Base */ = {isa = PBXFileReference; lastKnownFileType = file.storyboard; name = Base; path = Base.lproj/Main.storyboard; sourceTree = "<group>"; };
		6DD1A9592BFC06F000F541A6 /* Assets.xcassets */ = {isa = PBXFileReference; lastKnownFileType = folder.assetcatalog; path = Assets.xcassets; sourceTree = "<group>"; };
		6DD1A95C2BFC06F000F541A6 /* Base */ = {isa = PBXFileReference; lastKnownFileType = file.storyboard; name = Base; path = Base.lproj/LaunchScreen.storyboard; sourceTree = "<group>"; };
		6DD1A95E2BFC06F000F541A6 /* Info.plist */ = {isa = PBXFileReference; lastKnownFileType = text.plist.xml; path = Info.plist; sourceTree = "<group>"; };
		6DD1A9682BFD50E600F541A6 /* CardModel.swift */ = {isa = PBXFileReference; lastKnownFileType = sourcecode.swift; path = CardModel.swift; sourceTree = "<group>"; };
		6DD1A96A2BFD50F300F541A6 /* ConcentrationGame.swift */ = {isa = PBXFileReference; lastKnownFileType = sourcecode.swift; path = ConcentrationGame.swift; sourceTree = "<group>"; };
/* End PBXFileReference section */

/* Begin PBXFrameworksBuildPhase section */
		6DD1A94A2BFC06EE00F541A6 /* Frameworks */ = {
			isa = PBXFrameworksBuildPhase;
			buildActionMask = 2147483647;
			files = (
			);
			runOnlyForDeploymentPostprocessing = 0;
		};
/* End PBXFrameworksBuildPhase section */

/* Begin PBXGroup section */
		6DD1A9442BFC06EE00F541A6 = {
			isa = PBXGroup;
			children = (
				6DD1A94F2BFC06EE00F541A6 /* Stanford - Developing iOS */,
				6DD1A94E2BFC06EE00F541A6 /* Products */,
			);
			sourceTree = "<group>";
		};
		6DD1A94E2BFC06EE00F541A6 /* Products */ = {
			isa = PBXGroup;
			children = (
				6DD1A94D2BFC06EE00F541A6 /* Stanford - Developing iOS.app */,
			);
			name = Products;
			sourceTree = "<group>";
		};
		6DD1A94F2BFC06EE00F541A6 /* Stanford - Developing iOS */ = {
			isa = PBXGroup;
			children = (
				6DD1A9672BFD507E00F541A6 /* Model (wthat) */,
				6DD1A9652BFD505400F541A6 /* Controller (how) */,
				6DD1A9662BFD506300F541A6 /* View */,
				6DD1A9642BFD502100F541A6 /* SupportingFiles */,
				6DD1A95E2BFC06F000F541A6 /* Info.plist */,
			);
			path = "Stanford - Developing iOS";
			sourceTree = "<group>";
		};
		6DD1A9642BFD502100F541A6 /* SupportingFiles */ = {
			isa = PBXGroup;
			children = (
				6DD1A9502BFC06EE00F541A6 /* AppDelegate.swift */,
				6DD1A9522BFC06EE00F541A6 /* SceneDelegate.swift */,
				6DD1A9592BFC06F000F541A6 /* Assets.xcassets */,
				6DD1A95B2BFC06F000F541A6 /* LaunchScreen.storyboard */,
			);
			path = SupportingFiles;
			sourceTree = "<group>";
		};
		6DD1A9652BFD505400F541A6 /* Controller (how) */ = {
			isa = PBXGroup;
			children = (
				6DD1A9542BFC06EE00F541A6 /* ConcentrationViewController.swift */,
			);
			path = "Controller (how)";
			sourceTree = "<group>";
		};
		6DD1A9662BFD506300F541A6 /* View */ = {
			isa = PBXGroup;
			children = (
				6DD1A9562BFC06EE00F541A6 /* Main.storyboard */,
			);
			path = View;
			sourceTree = "<group>";
		};
		6DD1A9672BFD507E00F541A6 /* Model (wthat) */ = {
			isa = PBXGroup;
			children = (
				6DD1A9682BFD50E600F541A6 /* CardModel.swift */,
				6DD1A96A2BFD50F300F541A6 /* ConcentrationGame.swift */,
			);
			path = "Model (wthat)";
			sourceTree = "<group>";
		};
/* End PBXGroup section */

/* Begin PBXNativeTarget section */
		6DD1A94C2BFC06EE00F541A6 /* Stanford - Developing iOS */ = {
			isa = PBXNativeTarget;
			buildConfigurationList = 6DD1A9612BFC06F000F541A6 /* Build configuration list for PBXNativeTarget "Stanford - Developing iOS" */;
			buildPhases = (
				6DD1A9492BFC06EE00F541A6 /* Sources */,
				6DD1A94A2BFC06EE00F541A6 /* Frameworks */,
				6DD1A94B2BFC06EE00F541A6 /* Resources */,
			);
			buildRules = (
			);
			dependencies = (
			);
			name = "Stanford - Developing iOS";
			productName = "Stanford - Developing iOS";
			productReference = 6DD1A94D2BFC06EE00F541A6 /* Stanford - Developing iOS.app */;
			productType = "com.apple.product-type.application";
		};
/* End PBXNativeTarget section */

/* Begin PBXProject section */
		6DD1A9452BFC06EE00F541A6 /* Project object */ = {
			isa = PBXProject;
			attributes = {
				BuildIndependentTargetsInParallel = 1;
				LastSwiftUpdateCheck = 1420;
				LastUpgradeCheck = 1420;
				TargetAttributes = {
					6DD1A94C2BFC06EE00F541A6 = {
						CreatedOnToolsVersion = 14.2;
					};
				};
			};
			buildConfigurationList = 6DD1A9482BFC06EE00F541A6 /* Build configuration list for PBXProject "Stanford - Developing iOS" */;
			compatibilityVersion = "Xcode 14.0";
			developmentRegion = en;
			hasScannedForEncodings = 0;
			knownRegions = (
				en,
				Base,
			);
			mainGroup = 6DD1A9442BFC06EE00F541A6;
			productRefGroup = 6DD1A94E2BFC06EE00F541A6 /* Products */;
			projectDirPath = "";
			projectRoot = "";
			targets = (
				6DD1A94C2BFC06EE00F541A6 /* Stanford - Developing iOS */,
			);
		};
/* End PBXProject section */

/* Begin PBXResourcesBuildPhase section */
		6DD1A94B2BFC06EE00F541A6 /* Resources */ = {
			isa = PBXResourcesBuildPhase;
			buildActionMask = 2147483647;
			files = (
				6DD1A95D2BFC06F000F541A6 /* LaunchScreen.storyboard in Resources */,
				6DD1A95A2BFC06F000F541A6 /* Assets.xcassets in Resources */,
				6DD1A9582BFC06EE00F541A6 /* Main.storyboard in Resources */,
			);
			runOnlyForDeploymentPostprocessing = 0;
		};
/* End PBXResourcesBuildPhase section */

/* Begin PBXSourcesBuildPhase section */
		6DD1A9492BFC06EE00F541A6 /* Sources */ = {
			isa = PBXSourcesBuildPhase;
			buildActionMask = 2147483647;
			files = (
				6DD1A96B2BFD50F300F541A6 /* ConcentrationGame.swift in Sources */,
				6DD1A9552BFC06EE00F541A6 /* ConcentrationViewController.swift in Sources */,
				6DD1A9512BFC06EE00F541A6 /* AppDelegate.swift in Sources */,
				6DD1A9532BFC06EE00F541A6 /* SceneDelegate.swift in Sources */,
				6DD1A9692BFD50E600F541A6 /* CardModel.swift in Sources */,
			);
			runOnlyForDeploymentPostprocessing = 0;
		};
/* End PBXSourcesBuildPhase section */

/* Begin PBXVariantGroup section */
		6DD1A9562BFC06EE00F541A6 /* Main.storyboard */ = {
			isa = PBXVariantGroup;
			children = (
				6DD1A9572BFC06EE00F541A6 /* Base */,
			);
			name = Main.storyboard;
			sourceTree = "<group>";
		};
		6DD1A95B2BFC06F000F541A6 /* LaunchScreen.storyboard */ = {
			isa = PBXVariantGroup;
			children = (
				6DD1A95C2BFC06F000F541A6 /* Base */,
			);
			name = LaunchScreen.storyboard;
			sourceTree = "<group>";
		};
/* End PBXVariantGroup section */

/* Begin XCBuildConfiguration section */
		6DD1A95F2BFC06F000F541A6 /* Debug */ = {
			isa = XCBuildConfiguration;
			buildSettings = {
				ALWAYS_SEARCH_USER_PATHS = NO;
				CLANG_ANALYZER_NONNULL = YES;
				CLANG_ANALYZER_NUMBER_OBJECT_CONVERSION = YES_AGGRESSIVE;
				CLANG_CXX_LANGUAGE_STANDARD = "gnu++20";
				CLANG_ENABLE_MODULES = YES;
				CLANG_ENABLE_OBJC_ARC = YES;
				CLANG_ENABLE_OBJC_WEAK = YES;
				CLANG_WARN_BLOCK_CAPTURE_AUTORELEASING = YES;
				CLANG_WARN_BOOL_CONVERSION = YES;
				CLANG_WARN_COMMA = YES;
				CLANG_WARN_CONSTANT_CONVERSION = YES;
				CLANG_WARN_DEPRECATED_OBJC_IMPLEMENTATIONS = YES;
				CLANG_WARN_DIRECT_OBJC_ISA_USAGE = YES_ERROR;
				CLANG_WARN_DOCUMENTATION_COMMENTS = YES;
				CLANG_WARN_EMPTY_BODY = YES;
				CLANG_WARN_ENUM_CONVERSION = YES;
				CLANG_WARN_INFINITE_RECURSION = YES;
				CLANG_WARN_INT_CONVERSION = YES;
				CLANG_WARN_NON_LITERAL_NULL_CONVERSION = YES;
				CLANG_WARN_OBJC_IMPLICIT_RETAIN_SELF = YES;
				CLANG_WARN_OBJC_LITERAL_CONVERSION = YES;
				CLANG_WARN_OBJC_ROOT_CLASS = YES_ERROR;
				CLANG_WARN_QUOTED_INCLUDE_IN_FRAMEWORK_HEADER = YES;
				CLANG_WARN_RANGE_LOOP_ANALYSIS = YES;
				CLANG_WARN_STRICT_PROTOTYPES = YES;
				CLANG_WARN_SUSPICIOUS_MOVE = YES;
				CLANG_WARN_UNGUARDED_AVAILABILITY = YES_AGGRESSIVE;
				CLANG_WARN_UNREACHABLE_CODE = YES;
				CLANG_WARN__DUPLICATE_METHOD_MATCH = YES;
				COPY_PHASE_STRIP = NO;
				DEBUG_INFORMATION_FORMAT = dwarf;
				ENABLE_STRICT_OBJC_MSGSEND = YES;
				ENABLE_TESTABILITY = YES;
				GCC_C_LANGUAGE_STANDARD = gnu11;
				GCC_DYNAMIC_NO_PIC = NO;
				GCC_NO_COMMON_BLOCKS = YES;
				GCC_OPTIMIZATION_LEVEL = 0;
				GCC_PREPROCESSOR_DEFINITIONS = (
					"DEBUG=1",
					"$(inherited)",
				);
				GCC_WARN_64_TO_32_BIT_CONVERSION = YES;
				GCC_WARN_ABOUT_RETURN_TYPE = YES_ERROR;
				GCC_WARN_UNDECLARED_SELECTOR = YES;
				GCC_WARN_UNINITIALIZED_AUTOS = YES_AGGRESSIVE;
				GCC_WARN_UNUSED_FUNCTION = YES;
				GCC_WARN_UNUSED_VARIABLE = YES;
				IPHONEOS_DEPLOYMENT_TARGET = 16.2;
				MTL_ENABLE_DEBUG_INFO = INCLUDE_SOURCE;
				MTL_FAST_MATH = YES;
				ONLY_ACTIVE_ARCH = YES;
				SDKROOT = iphoneos;
				SWIFT_ACTIVE_COMPILATION_CONDITIONS = DEBUG;
				SWIFT_OPTIMIZATION_LEVEL = "-Onone";
			};
			name = Debug;
		};
		6DD1A9602BFC06F000F541A6 /* Release */ = {
			isa = XCBuildConfiguration;
			buildSettings = {
				ALWAYS_SEARCH_USER_PATHS = NO;
				CLANG_ANALYZER_NONNULL = YES;
				CLANG_ANALYZER_NUMBER_OBJECT_CONVERSION = YES_AGGRESSIVE;
				CLANG_CXX_LANGUAGE_STANDARD = "gnu++20";
				CLANG_ENABLE_MODULES = YES;
				CLANG_ENABLE_OBJC_ARC = YES;
				CLANG_ENABLE_OBJC_WEAK = YES;
				CLANG_WARN_BLOCK_CAPTURE_AUTORELEASING = YES;
				CLANG_WARN_BOOL_CONVERSION = YES;
				CLANG_WARN_COMMA = YES;
				CLANG_WARN_CONSTANT_CONVERSION = YES;
				CLANG_WARN_DEPRECATED_OBJC_IMPLEMENTATIONS = YES;
				CLANG_WARN_DIRECT_OBJC_ISA_USAGE = YES_ERROR;
				CLANG_WARN_DOCUMENTATION_COMMENTS = YES;
				CLANG_WARN_EMPTY_BODY = YES;
				CLANG_WARN_ENUM_CONVERSION = YES;
				CLANG_WARN_INFINITE_RECURSION = YES;
				CLANG_WARN_INT_CONVERSION = YES;
				CLANG_WARN_NON_LITERAL_NULL_CONVERSION = YES;
				CLANG_WARN_OBJC_IMPLICIT_RETAIN_SELF = YES;
				CLANG_WARN_OBJC_LITERAL_CONVERSION = YES;
				CLANG_WARN_OBJC_ROOT_CLASS = YES_ERROR;
				CLANG_WARN_QUOTED_INCLUDE_IN_FRAMEWORK_HEADER = YES;
				CLANG_WARN_RANGE_LOOP_ANALYSIS = YES;
				CLANG_WARN_STRICT_PROTOTYPES = YES;
				CLANG_WARN_SUSPICIOUS_MOVE = YES;
				CLANG_WARN_UNGUARDED_AVAILABILITY = YES_AGGRESSIVE;
				CLANG_WARN_UNREACHABLE_CODE = YES;
				CLANG_WARN__DUPLICATE_METHOD_MATCH = YES;
				COPY_PHASE_STRIP = NO;
				DEBUG_INFORMATION_FORMAT = "dwarf-with-dsym";
				ENABLE_NS_ASSERTIONS = NO;
				ENABLE_STRICT_OBJC_MSGSEND = YES;
				GCC_C_LANGUAGE_STANDARD = gnu11;
				GCC_NO_COMMON_BLOCKS = YES;
				GCC_WARN_64_TO_32_BIT_CONVERSION = YES;
				GCC_WARN_ABOUT_RETURN_TYPE = YES_ERROR;
				GCC_WARN_UNDECLARED_SELECTOR = YES;
				GCC_WARN_UNINITIALIZED_AUTOS = YES_AGGRESSIVE;
				GCC_WARN_UNUSED_FUNCTION = YES;
				GCC_WARN_UNUSED_VARIABLE = YES;
				IPHONEOS_DEPLOYMENT_TARGET = 16.2;
				MTL_ENABLE_DEBUG_INFO = NO;
				MTL_FAST_MATH = YES;
				SDKROOT = iphoneos;
				SWIFT_COMPILATION_MODE = wholemodule;
				SWIFT_OPTIMIZATION_LEVEL = "-O";
				VALIDATE_PRODUCT = YES;
			};
			name = Release;
		};
		6DD1A9622BFC06F000F541A6 /* Debug */ = {
			isa = XCBuildConfiguration;
			buildSettings = {
				ASSETCATALOG_COMPILER_APPICON_NAME = AppIcon;
				ASSETCATALOG_COMPILER_GLOBAL_ACCENT_COLOR_NAME = AccentColor;
				CODE_SIGN_STYLE = Automatic;
				CURRENT_PROJECT_VERSION = 1;
				DEVELOPMENT_TEAM = T6NP5VY79P;
				GENERATE_INFOPLIST_FILE = YES;
				INFOPLIST_FILE = "Stanford - Developing iOS/Info.plist";
				INFOPLIST_KEY_UIApplicationSupportsIndirectInputEvents = YES;
				INFOPLIST_KEY_UILaunchStoryboardName = LaunchScreen;
				INFOPLIST_KEY_UIMainStoryboardFile = Main;
				INFOPLIST_KEY_UISupportedInterfaceOrientations_iPad = "UIInterfaceOrientationPortrait UIInterfaceOrientationPortraitUpsideDown UIInterfaceOrientationLandscapeLeft UIInterfaceOrientationLandscapeRight";
				INFOPLIST_KEY_UISupportedInterfaceOrientations_iPhone = "UIInterfaceOrientationPortrait UIInterfaceOrientationLandscapeLeft UIInterfaceOrientationLandscapeRight";
				LD_RUNPATH_SEARCH_PATHS = (
					"$(inherited)",
					"@executable_path/Frameworks",
				);
				MARKETING_VERSION = 1.0;
				PRODUCT_BUNDLE_IDENTIFIER = "me.abanshin.alexander.Stanford---Developing-iOS";
				PRODUCT_NAME = "$(TARGET_NAME)";
				SWIFT_EMIT_LOC_STRINGS = YES;
				SWIFT_VERSION = 5.0;
				TARGETED_DEVICE_FAMILY = "1,2";
			};
			name = Debug;
		};
		6DD1A9632BFC06F000F541A6 /* Release */ = {
			isa = XCBuildConfiguration;
			buildSettings = {
				ASSETCATALOG_COMPILER_APPICON_NAME = AppIcon;
				ASSETCATALOG_COMPILER_GLOBAL_ACCENT_COLOR_NAME = AccentColor;
				CODE_SIGN_STYLE = Automatic;
				CURRENT_PROJECT_VERSION = 1;
				DEVELOPMENT_TEAM = T6NP5VY79P;
				GENERATE_INFOPLIST_FILE = YES;
				INFOPLIST_FILE = "Stanford - Developing iOS/Info.plist";
				INFOPLIST_KEY_UIApplicationSupportsIndirectInputEvents = YES;
				INFOPLIST_KEY_UILaunchStoryboardName = LaunchScreen;
				INFOPLIST_KEY_UIMainStoryboardFile = Main;
				INFOPLIST_KEY_UISupportedInterfaceOrientations_iPad = "UIInterfaceOrientationPortrait UIInterfaceOrientationPortraitUpsideDown UIInterfaceOrientationLandscapeLeft UIInterfaceOrientationLandscapeRight";
				INFOPLIST_KEY_UISupportedInterfaceOrientations_iPhone = "UIInterfaceOrientationPortrait UIInterfaceOrientationLandscapeLeft UIInterfaceOrientationLandscapeRight";
				LD_RUNPATH_SEARCH_PATHS = (
					"$(inherited)",
					"@executable_path/Frameworks",
				);
				MARKETING_VERSION = 1.0;
				PRODUCT_BUNDLE_IDENTIFIER = "me.abanshin.alexander.Stanford---Developing-iOS";
				PRODUCT_NAME = "$(TARGET_NAME)";
				SWIFT_EMIT_LOC_STRINGS = YES;
				SWIFT_VERSION = 5.0;
				TARGETED_DEVICE_FAMILY = "1,2";
			};
			name = Release;
		};
/* End XCBuildConfiguration section */

/* Begin XCConfigurationList section */
		6DD1A9482BFC06EE00F541A6 /* Build configuration list for PBXProject "Stanford - Developing iOS" */ = {
			isa = XCConfigurationList;
			buildConfigurations = (
				6DD1A95F2BFC06F000F541A6 /* Debug */,
				6DD1A9602BFC06F000F541A6 /* Release */,
			);
			defaultConfigurationIsVisible = 0;
			defaultConfigurationName = Release;
		};
		6DD1A9612BFC06F000F541A6 /* Build configuration list for PBXNativeTarget "Stanford - Developing iOS" */ = {
			isa = XCConfigurationList;
			buildConfigurations = (
				6DD1A9622BFC06F000F541A6 /* Debug */,
				6DD1A9632BFC06F000F541A6 /* Release */,
			);
			defaultConfigurationIsVisible = 0;
			defaultConfigurationName = Release;
		};
/* End XCConfigurationList section */
	};
	rootObject = 6DD1A9452BFC06EE00F541A6 /* Project object */;
}
